// !$*UTF8*$!
{
	archiveVersion = 1;
	classes = {
	};
	objectVersion = 46;
	objects = {

/* Begin PBXBuildFile section */
		CB0F6D481C12D7C9006CA80D /* LTShareViewController.m in Sources */ = {isa = PBXBuildFile; fileRef = CB0F6D471C12D7C9006CA80D /* LTShareViewController.m */; };
		CB13F8251C0D48AD007C137F /* Main.storyboard in Resources */ = {isa = PBXBuildFile; fileRef = CB13F8231C0D48AD007C137F /* Main.storyboard */; };
		CB13F8271C0D48AD007C137F /* Assets.xcassets in Resources */ = {isa = PBXBuildFile; fileRef = CB13F8261C0D48AD007C137F /* Assets.xcassets */; };
		CB13F8351C0D48AD007C137F /* __Tests.m in Sources */ = {isa = PBXBuildFile; fileRef = CB13F8341C0D48AD007C137F /* __Tests.m */; };
		CB13F8401C0D48AD007C137F /* __UITests.m in Sources */ = {isa = PBXBuildFile; fileRef = CB13F83F1C0D48AD007C137F /* __UITests.m */; };
		CB13F86E1C0D7F05007C137F /* AppDelegate.m in Sources */ = {isa = PBXBuildFile; fileRef = CB13F8671C0D7F05007C137F /* AppDelegate.m */; };
		CB13F86F1C0D7F05007C137F /* main.m in Sources */ = {isa = PBXBuildFile; fileRef = CB13F8681C0D7F05007C137F /* main.m */; };
		CB13F8741C0D913C007C137F /* LTTabBarViewController.m in Sources */ = {isa = PBXBuildFile; fileRef = CB13F8731C0D913C007C137F /* LTTabBarViewController.m */; };
		CB13F87A1C0D9617007C137F /* LTTabBar.m in Sources */ = {isa = PBXBuildFile; fileRef = CB13F8791C0D9617007C137F /* LTTabBar.m */; };
		CB13F87D1C0D969D007C137F /* LTTabBarButton.m in Sources */ = {isa = PBXBuildFile; fileRef = CB13F87C1C0D969D007C137F /* LTTabBarButton.m */; };
		CB15F6371C1174C800F8BDB3 /* LotteryNumPushViewController.m in Sources */ = {isa = PBXBuildFile; fileRef = CB15F6301C1174C800F8BDB3 /* LotteryNumPushViewController.m */; };
		CB15F6381C1174C800F8BDB3 /* LTLotteryAnimationViewController.m in Sources */ = {isa = PBXBuildFile; fileRef = CB15F6321C1174C800F8BDB3 /* LTLotteryAnimationViewController.m */; };
		CB15F6391C1174C800F8BDB3 /* LTScoreViewController.m in Sources */ = {isa = PBXBuildFile; fileRef = CB15F6341C1174C800F8BDB3 /* LTScoreViewController.m */; };
		CB15F63A1C1174C800F8BDB3 /* PushNotificationViewController.m in Sources */ = {isa = PBXBuildFile; fileRef = CB15F6361C1174C800F8BDB3 /* PushNotificationViewController.m */; };
		CB15F6411C11784000F8BDB3 /* DSTool.m in Sources */ = {isa = PBXBuildFile; fileRef = CB15F6401C11784000F8BDB3 /* DSTool.m */; };
		CB15F64D1C11CF4B00F8BDB3 /* LTSettingArrowItem.m in Sources */ = {isa = PBXBuildFile; fileRef = CB15F6441C11CF4B00F8BDB3 /* LTSettingArrowItem.m */; };
		CB15F64E1C11CF4B00F8BDB3 /* LTSettingGroup.m in Sources */ = {isa = PBXBuildFile; fileRef = CB15F6461C11CF4B00F8BDB3 /* LTSettingGroup.m */; };
		CB15F64F1C11CF4B00F8BDB3 /* LTSettingItem.m in Sources */ = {isa = PBXBuildFile; fileRef = CB15F6481C11CF4B00F8BDB3 /* LTSettingItem.m */; };
		CB15F6501C11CF4B00F8BDB3 /* LTSettingLabelItem.m in Sources */ = {isa = PBXBuildFile; fileRef = CB15F64A1C11CF4B00F8BDB3 /* LTSettingLabelItem.m */; };
		CB15F6511C11CF4B00F8BDB3 /* LTSettingSwitchItem.m in Sources */ = {isa = PBXBuildFile; fileRef = CB15F64C1C11CF4B00F8BDB3 /* LTSettingSwitchItem.m */; };
		CB15F6571C11D08B00F8BDB3 /* LTBaseTableViewController.m in Sources */ = {isa = PBXBuildFile; fileRef = CB15F6541C11D08B00F8BDB3 /* LTBaseTableViewController.m */; };
		CB15F6581C11D08B00F8BDB3 /* LTSettingTableViewController.m in Sources */ = {isa = PBXBuildFile; fileRef = CB15F6561C11D08B00F8BDB3 /* LTSettingTableViewController.m */; };
		CB15F6601C11D0FA00F8BDB3 /* MBProgressHUD+MJ.m in Sources */ = {isa = PBXBuildFile; fileRef = CB15F65C1C11D0FA00F8BDB3 /* MBProgressHUD+MJ.m */; };
		CB15F6611C11D0FA00F8BDB3 /* MBProgressHUD.bundle in Resources */ = {isa = PBXBuildFile; fileRef = CB15F65D1C11D0FA00F8BDB3 /* MBProgressHUD.bundle */; };
		CB15F6621C11D0FA00F8BDB3 /* MBProgressHUD.m in Sources */ = {isa = PBXBuildFile; fileRef = CB15F65F1C11D0FA00F8BDB3 /* MBProgressHUD.m */; };
		CB15F6691C11DE2F00F8BDB3 /* HelpViewController.m in Sources */ = {isa = PBXBuildFile; fileRef = CB15F6681C11DE2F00F8BDB3 /* HelpViewController.m */; };
		CB15F66D1C11DE9200F8BDB3 /* LTHelpItem.m in Sources */ = {isa = PBXBuildFile; fileRef = CB15F66C1C11DE9200F8BDB3 /* LTHelpItem.m */; };
		CB15F6701C11E53000F8BDB3 /* LTHtmlViewController.m in Sources */ = {isa = PBXBuildFile; fileRef = CB15F66F1C11E53000F8BDB3 /* LTHtmlViewController.m */; };
		CB5B3DD81C10591700FA27E7 /* cywt.json in Resources */ = {isa = PBXBuildFile; fileRef = CB5B3DB81C10591700FA27E7 /* cywt.json */; };
		CB5B3DD91C10591700FA27E7 /* products.json in Resources */ = {isa = PBXBuildFile; fileRef = CB5B3DB91C10591700FA27E7 /* products.json */; };
		CB5B3DDA1C10591700FA27E7 /* bjdc_howto.html in Resources */ = {isa = PBXBuildFile; fileRef = CB5B3DBB1C10591700FA27E7 /* bjdc_howto.html */; };
		CB5B3DDB1C10591700FA27E7 /* coupon_help.html in Resources */ = {isa = PBXBuildFile; fileRef = CB5B3DBC1C10591700FA27E7 /* coupon_help.html */; };
		CB5B3DDC1C10591700FA27E7 /* credit_help.html in Resources */ = {isa = PBXBuildFile; fileRef = CB5B3DBD1C10591700FA27E7 /* credit_help.html */; };
		CB5B3DDD1C10591700FA27E7 /* dlt_howto.html in Resources */ = {isa = PBXBuildFile; fileRef = CB5B3DBE1C10591700FA27E7 /* dlt_howto.html */; };
		CB5B3DDE1C10591700FA27E7 /* f9_howto.html in Resources */ = {isa = PBXBuildFile; fileRef = CB5B3DBF1C10591700FA27E7 /* f9_howto.html */; };
		CB5B3DDF1C10591700FA27E7 /* gdy11_howto.html in Resources */ = {isa = PBXBuildFile; fileRef = CB5B3DC01C10591700FA27E7 /* gdy11_howto.html */; };
		CB5B3DE01C10591700FA27E7 /* group_record.html in Resources */ = {isa = PBXBuildFile; fileRef = CB5B3DC11C10591700FA27E7 /* group_record.html */; };
		CB5B3DE11C10591700FA27E7 /* help.html in Resources */ = {isa = PBXBuildFile; fileRef = CB5B3DC21C10591700FA27E7 /* help.html */; };
		CB5B3DE21C10591700FA27E7 /* helpGroupBuy.html in Resources */ = {isa = PBXBuildFile; fileRef = CB5B3DC31C10591700FA27E7 /* helpGroupBuy.html */; };
		CB5B3DE31C10591700FA27E7 /* jclq_howto.html in Resources */ = {isa = PBXBuildFile; fileRef = CB5B3DC41C10591700FA27E7 /* jclq_howto.html */; };
		CB5B3DE41C10591700FA27E7 /* jczq_howto.html in Resources */ = {isa = PBXBuildFile; fileRef = CB5B3DC51C10591700FA27E7 /* jczq_howto.html */; };
		CB5B3DE51C10591700FA27E7 /* jxssc_howto.html in Resources */ = {isa = PBXBuildFile; fileRef = CB5B3DC61C10591700FA27E7 /* jxssc_howto.html */; };
		CB5B3DE61C10591700FA27E7 /* jxy11_howto.html in Resources */ = {isa = PBXBuildFile; fileRef = CB5B3DC71C10591700FA27E7 /* jxy11_howto.html */; };
		CB5B3DE71C10591700FA27E7 /* k2_howto.html in Resources */ = {isa = PBXBuildFile; fileRef = CB5B3DC81C10591700FA27E7 /* k2_howto.html */; };
		CB5B3DE81C10591700FA27E7 /* k3_howto.html in Resources */ = {isa = PBXBuildFile; fileRef = CB5B3DC91C10591700FA27E7 /* k3_howto.html */; };
		CB5B3DE91C10591700FA27E7 /* kl8_howto.html in Resources */ = {isa = PBXBuildFile; fileRef = CB5B3DCA1C10591700FA27E7 /* kl8_howto.html */; };
		CB5B3DEA1C10591700FA27E7 /* lk11_howto.html in Resources */ = {isa = PBXBuildFile; fileRef = CB5B3DCB1C10591700FA27E7 /* lk11_howto.html */; };
		CB5B3DEB1C10591700FA27E7 /* networkconnectedfailed.html in Resources */ = {isa = PBXBuildFile; fileRef = CB5B3DCC1C10591700FA27E7 /* networkconnectedfailed.html */; };
		CB5B3DEC1C10591700FA27E7 /* pl3_howto.html in Resources */ = {isa = PBXBuildFile; fileRef = CB5B3DCD1C10591700FA27E7 /* pl3_howto.html */; };
		CB5B3DED1C10591700FA27E7 /* pl5_howto.html in Resources */ = {isa = PBXBuildFile; fileRef = CB5B3DCE1C10591700FA27E7 /* pl5_howto.html */; };
		CB5B3DEE1C10591700FA27E7 /* qlc_howto.html in Resources */ = {isa = PBXBuildFile; fileRef = CB5B3DCF1C10591700FA27E7 /* qlc_howto.html */; };
		CB5B3DEF1C10591700FA27E7 /* qxc_howto.html in Resources */ = {isa = PBXBuildFile; fileRef = CB5B3DD01C10591700FA27E7 /* qxc_howto.html */; };
		CB5B3DF01C10591700FA27E7 /* rule.css in Resources */ = {isa = PBXBuildFile; fileRef = CB5B3DD11C10591700FA27E7 /* rule.css */; };
		CB5B3DF11C10591700FA27E7 /* sfc_howto.html in Resources */ = {isa = PBXBuildFile; fileRef = CB5B3DD21C10591700FA27E7 /* sfc_howto.html */; };
		CB5B3DF21C10591700FA27E7 /* ssc_howto.html in Resources */ = {isa = PBXBuildFile; fileRef = CB5B3DD31C10591700FA27E7 /* ssc_howto.html */; };
		CB5B3DF31C10591700FA27E7 /* ssq_howto.html in Resources */ = {isa = PBXBuildFile; fileRef = CB5B3DD41C10591700FA27E7 /* ssq_howto.html */; };
		CB5B3DF41C10591700FA27E7 /* x3d_howto.html in Resources */ = {isa = PBXBuildFile; fileRef = CB5B3DD51C10591700FA27E7 /* x3d_howto.html */; };
		CB5B3DF51C10591700FA27E7 /* y11_howto.html in Resources */ = {isa = PBXBuildFile; fileRef = CB5B3DD61C10591700FA27E7 /* y11_howto.html */; };
		CB5B3DF61C10591700FA27E7 /* znzh.html in Resources */ = {isa = PBXBuildFile; fileRef = CB5B3DD71C10591700FA27E7 /* znzh.html */; };
		CB5B3DF81C10594000FA27E7 /* help.json in Resources */ = {isa = PBXBuildFile; fileRef = CB5B3DF71C10594000FA27E7 /* help.json */; };
		CB5B3DFB1C10867800FA27E7 /* SettingItemCell.m in Sources */ = {isa = PBXBuildFile; fileRef = CB5B3DFA1C10867800FA27E7 /* SettingItemCell.m */; };
		CB8893D51C10217400F3A73E /* LTNavigationController.m in Sources */ = {isa = PBXBuildFile; fileRef = CB8893D41C10217400F3A73E /* LTNavigationController.m */; };
		CB89967A1C10399C00C803E9 /* UIImage+Resizable.m in Sources */ = {isa = PBXBuildFile; fileRef = CB8996791C10399C00C803E9 /* UIImage+Resizable.m */; };
		CB8996851C10435300C803E9 /* LoginViewController.m in Sources */ = {isa = PBXBuildFile; fileRef = CB89967E1C10435300C803E9 /* LoginViewController.m */; };
/* End PBXBuildFile section */

/* Begin PBXContainerItemProxy section */
		CB13F8311C0D48AD007C137F /* PBXContainerItemProxy */ = {
			isa = PBXContainerItemProxy;
			containerPortal = CB13F80F1C0D48AD007C137F /* Project object */;
			proxyType = 1;
			remoteGlobalIDString = CB13F8161C0D48AD007C137F;
			remoteInfo = "彩票";
		};
		CB13F83C1C0D48AD007C137F /* PBXContainerItemProxy */ = {
			isa = PBXContainerItemProxy;
			containerPortal = CB13F80F1C0D48AD007C137F /* Project object */;
			proxyType = 1;
			remoteGlobalIDString = CB13F8161C0D48AD007C137F;
			remoteInfo = "彩票";
		};
/* End PBXContainerItemProxy section */

/* Begin PBXFileReference section */
		CB0F6D461C12D7C9006CA80D /* LTShareViewController.h */ = {isa = PBXFileReference; fileEncoding = 4; lastKnownFileType = sourcecode.c.h; path = LTShareViewController.h; sourceTree = "<group>"; };
		CB0F6D471C12D7C9006CA80D /* LTShareViewController.m */ = {isa = PBXFileReference; fileEncoding = 4; lastKnownFileType = sourcecode.c.objc; path = LTShareViewController.m; sourceTree = "<group>"; };
		CB13F8171C0D48AD007C137F /* 彩票.app */ = {isa = PBXFileReference; explicitFileType = wrapper.application; includeInIndex = 0; path = "彩票.app"; sourceTree = BUILT_PRODUCTS_DIR; };
		CB13F8241C0D48AD007C137F /* Base */ = {isa = PBXFileReference; lastKnownFileType = file.storyboard; name = Base; path = Base.lproj/Main.storyboard; sourceTree = "<group>"; };
		CB13F8261C0D48AD007C137F /* Assets.xcassets */ = {isa = PBXFileReference; lastKnownFileType = folder.assetcatalog; path = Assets.xcassets; sourceTree = "<group>"; };
		CB13F82B1C0D48AD007C137F /* Info.plist */ = {isa = PBXFileReference; lastKnownFileType = text.plist.xml; path = Info.plist; sourceTree = "<group>"; };
		CB13F8301C0D48AD007C137F /* 彩票Tests.xctest */ = {isa = PBXFileReference; explicitFileType = wrapper.cfbundle; includeInIndex = 0; path = "彩票Tests.xctest"; sourceTree = BUILT_PRODUCTS_DIR; };
		CB13F8341C0D48AD007C137F /* __Tests.m */ = {isa = PBXFileReference; lastKnownFileType = sourcecode.c.objc; path = __Tests.m; sourceTree = "<group>"; };
		CB13F8361C0D48AD007C137F /* Info.plist */ = {isa = PBXFileReference; lastKnownFileType = text.plist.xml; path = Info.plist; sourceTree = "<group>"; };
		CB13F83B1C0D48AD007C137F /* 彩票UITests.bundle */ = {isa = PBXFileReference; explicitFileType = wrapper.cfbundle; includeInIndex = 0; path = "彩票UITests.bundle"; sourceTree = BUILT_PRODUCTS_DIR; };
		CB13F83F1C0D48AD007C137F /* __UITests.m */ = {isa = PBXFileReference; lastKnownFileType = sourcecode.c.objc; path = __UITests.m; sourceTree = "<group>"; };
		CB13F8411C0D48AD007C137F /* Info.plist */ = {isa = PBXFileReference; lastKnownFileType = text.plist.xml; path = Info.plist; sourceTree = "<group>"; };
		CB13F8661C0D7F05007C137F /* AppDelegate.h */ = {isa = PBXFileReference; fileEncoding = 4; lastKnownFileType = sourcecode.c.h; path = AppDelegate.h; sourceTree = "<group>"; };
		CB13F8671C0D7F05007C137F /* AppDelegate.m */ = {isa = PBXFileReference; fileEncoding = 4; lastKnownFileType = sourcecode.c.objc; path = AppDelegate.m; sourceTree = "<group>"; };
		CB13F8681C0D7F05007C137F /* main.m */ = {isa = PBXFileReference; fileEncoding = 4; lastKnownFileType = sourcecode.c.objc; name = main.m; path = Classes/Other/main.m; sourceTree = "<group>"; };
		CB13F8721C0D913C007C137F /* LTTabBarViewController.h */ = {isa = PBXFileReference; fileEncoding = 4; lastKnownFileType = sourcecode.c.h; path = LTTabBarViewController.h; sourceTree = "<group>"; };
		CB13F8731C0D913C007C137F /* LTTabBarViewController.m */ = {isa = PBXFileReference; fileEncoding = 4; lastKnownFileType = sourcecode.c.objc; path = LTTabBarViewController.m; sourceTree = "<group>"; };
		CB13F8781C0D9617007C137F /* LTTabBar.h */ = {isa = PBXFileReference; fileEncoding = 4; lastKnownFileType = sourcecode.c.h; path = LTTabBar.h; sourceTree = "<group>"; };
		CB13F8791C0D9617007C137F /* LTTabBar.m */ = {isa = PBXFileReference; fileEncoding = 4; lastKnownFileType = sourcecode.c.objc; path = LTTabBar.m; sourceTree = "<group>"; };
		CB13F87B1C0D969D007C137F /* LTTabBarButton.h */ = {isa = PBXFileReference; fileEncoding = 4; lastKnownFileType = sourcecode.c.h; path = LTTabBarButton.h; sourceTree = "<group>"; };
		CB13F87C1C0D969D007C137F /* LTTabBarButton.m */ = {isa = PBXFileReference; fileEncoding = 4; lastKnownFileType = sourcecode.c.objc; path = LTTabBarButton.m; sourceTree = "<group>"; };
		CB15F62F1C1174C800F8BDB3 /* LotteryNumPushViewController.h */ = {isa = PBXFileReference; fileEncoding = 4; lastKnownFileType = sourcecode.c.h; path = LotteryNumPushViewController.h; sourceTree = "<group>"; };
		CB15F6301C1174C800F8BDB3 /* LotteryNumPushViewController.m */ = {isa = PBXFileReference; fileEncoding = 4; lastKnownFileType = sourcecode.c.objc; path = LotteryNumPushViewController.m; sourceTree = "<group>"; };
		CB15F6311C1174C800F8BDB3 /* LTLotteryAnimationViewController.h */ = {isa = PBXFileReference; fileEncoding = 4; lastKnownFileType = sourcecode.c.h; path = LTLotteryAnimationViewController.h; sourceTree = "<group>"; };
		CB15F6321C1174C800F8BDB3 /* LTLotteryAnimationViewController.m */ = {isa = PBXFileReference; fileEncoding = 4; lastKnownFileType = sourcecode.c.objc; path = LTLotteryAnimationViewController.m; sourceTree = "<group>"; };
		CB15F6331C1174C800F8BDB3 /* LTScoreViewController.h */ = {isa = PBXFileReference; fileEncoding = 4; lastKnownFileType = sourcecode.c.h; path = LTScoreViewController.h; sourceTree = "<group>"; };
		CB15F6341C1174C800F8BDB3 /* LTScoreViewController.m */ = {isa = PBXFileReference; fileEncoding = 4; lastKnownFileType = sourcecode.c.objc; path = LTScoreViewController.m; sourceTree = "<group>"; };
		CB15F6351C1174C800F8BDB3 /* PushNotificationViewController.h */ = {isa = PBXFileReference; fileEncoding = 4; lastKnownFileType = sourcecode.c.h; path = PushNotificationViewController.h; sourceTree = "<group>"; };
		CB15F6361C1174C800F8BDB3 /* PushNotificationViewController.m */ = {isa = PBXFileReference; fileEncoding = 4; lastKnownFileType = sourcecode.c.objc; path = PushNotificationViewController.m; sourceTree = "<group>"; };
		CB15F63F1C11784000F8BDB3 /* DSTool.h */ = {isa = PBXFileReference; fileEncoding = 4; lastKnownFileType = sourcecode.c.h; path = DSTool.h; sourceTree = "<group>"; };
		CB15F6401C11784000F8BDB3 /* DSTool.m */ = {isa = PBXFileReference; fileEncoding = 4; lastKnownFileType = sourcecode.c.objc; path = DSTool.m; sourceTree = "<group>"; };
		CB15F6431C11CF4B00F8BDB3 /* LTSettingArrowItem.h */ = {isa = PBXFileReference; fileEncoding = 4; lastKnownFileType = sourcecode.c.h; path = LTSettingArrowItem.h; sourceTree = "<group>"; };
		CB15F6441C11CF4B00F8BDB3 /* LTSettingArrowItem.m */ = {isa = PBXFileReference; fileEncoding = 4; lastKnownFileType = sourcecode.c.objc; path = LTSettingArrowItem.m; sourceTree = "<group>"; };
		CB15F6451C11CF4B00F8BDB3 /* LTSettingGroup.h */ = {isa = PBXFileReference; fileEncoding = 4; lastKnownFileType = sourcecode.c.h; path = LTSettingGroup.h; sourceTree = "<group>"; };
		CB15F6461C11CF4B00F8BDB3 /* LTSettingGroup.m */ = {isa = PBXFileReference; fileEncoding = 4; lastKnownFileType = sourcecode.c.objc; path = LTSettingGroup.m; sourceTree = "<group>"; };
		CB15F6471C11CF4B00F8BDB3 /* LTSettingItem.h */ = {isa = PBXFileReference; fileEncoding = 4; lastKnownFileType = sourcecode.c.h; path = LTSettingItem.h; sourceTree = "<group>"; };
		CB15F6481C11CF4B00F8BDB3 /* LTSettingItem.m */ = {isa = PBXFileReference; fileEncoding = 4; lastKnownFileType = sourcecode.c.objc; path = LTSettingItem.m; sourceTree = "<group>"; };
		CB15F6491C11CF4B00F8BDB3 /* LTSettingLabelItem.h */ = {isa = PBXFileReference; fileEncoding = 4; lastKnownFileType = sourcecode.c.h; path = LTSettingLabelItem.h; sourceTree = "<group>"; };
		CB15F64A1C11CF4B00F8BDB3 /* LTSettingLabelItem.m */ = {isa = PBXFileReference; fileEncoding = 4; lastKnownFileType = sourcecode.c.objc; path = LTSettingLabelItem.m; sourceTree = "<group>"; };
		CB15F64B1C11CF4B00F8BDB3 /* LTSettingSwitchItem.h */ = {isa = PBXFileReference; fileEncoding = 4; lastKnownFileType = sourcecode.c.h; path = LTSettingSwitchItem.h; sourceTree = "<group>"; };
		CB15F64C1C11CF4B00F8BDB3 /* LTSettingSwitchItem.m */ = {isa = PBXFileReference; fileEncoding = 4; lastKnownFileType = sourcecode.c.objc; path = LTSettingSwitchItem.m; sourceTree = "<group>"; };
		CB15F6531C11D08B00F8BDB3 /* LTBaseTableViewController.h */ = {isa = PBXFileReference; fileEncoding = 4; lastKnownFileType = sourcecode.c.h; path = LTBaseTableViewController.h; sourceTree = "<group>"; };
		CB15F6541C11D08B00F8BDB3 /* LTBaseTableViewController.m */ = {isa = PBXFileReference; fileEncoding = 4; lastKnownFileType = sourcecode.c.objc; path = LTBaseTableViewController.m; sourceTree = "<group>"; };
		CB15F6551C11D08B00F8BDB3 /* LTSettingTableViewController.h */ = {isa = PBXFileReference; fileEncoding = 4; lastKnownFileType = sourcecode.c.h; path = LTSettingTableViewController.h; sourceTree = "<group>"; };
		CB15F6561C11D08B00F8BDB3 /* LTSettingTableViewController.m */ = {isa = PBXFileReference; fileEncoding = 4; lastKnownFileType = sourcecode.c.objc; path = LTSettingTableViewController.m; sourceTree = "<group>"; };
		CB15F65B1C11D0FA00F8BDB3 /* MBProgressHUD+MJ.h */ = {isa = PBXFileReference; fileEncoding = 4; lastKnownFileType = sourcecode.c.h; path = "MBProgressHUD+MJ.h"; sourceTree = "<group>"; };
		CB15F65C1C11D0FA00F8BDB3 /* MBProgressHUD+MJ.m */ = {isa = PBXFileReference; fileEncoding = 4; lastKnownFileType = sourcecode.c.objc; path = "MBProgressHUD+MJ.m"; sourceTree = "<group>"; };
		CB15F65D1C11D0FA00F8BDB3 /* MBProgressHUD.bundle */ = {isa = PBXFileReference; lastKnownFileType = "wrapper.plug-in"; path = MBProgressHUD.bundle; sourceTree = "<group>"; };
		CB15F65E1C11D0FA00F8BDB3 /* MBProgressHUD.h */ = {isa = PBXFileReference; fileEncoding = 4; lastKnownFileType = sourcecode.c.h; path = MBProgressHUD.h; sourceTree = "<group>"; };
		CB15F65F1C11D0FA00F8BDB3 /* MBProgressHUD.m */ = {isa = PBXFileReference; fileEncoding = 4; lastKnownFileType = sourcecode.c.objc; path = MBProgressHUD.m; sourceTree = "<group>"; };
		CB15F6671C11DE2F00F8BDB3 /* HelpViewController.h */ = {isa = PBXFileReference; fileEncoding = 4; lastKnownFileType = sourcecode.c.h; path = HelpViewController.h; sourceTree = "<group>"; };
		CB15F6681C11DE2F00F8BDB3 /* HelpViewController.m */ = {isa = PBXFileReference; fileEncoding = 4; lastKnownFileType = sourcecode.c.objc; path = HelpViewController.m; sourceTree = "<group>"; };
		CB15F66B1C11DE9200F8BDB3 /* LTHelpItem.h */ = {isa = PBXFileReference; fileEncoding = 4; lastKnownFileType = sourcecode.c.h; path = LTHelpItem.h; sourceTree = "<group>"; };
		CB15F66C1C11DE9200F8BDB3 /* LTHelpItem.m */ = {isa = PBXFileReference; fileEncoding = 4; lastKnownFileType = sourcecode.c.objc; path = LTHelpItem.m; sourceTree = "<group>"; };
		CB15F66E1C11E53000F8BDB3 /* LTHtmlViewController.h */ = {isa = PBXFileReference; fileEncoding = 4; lastKnownFileType = sourcecode.c.h; path = LTHtmlViewController.h; sourceTree = "<group>"; };
		CB15F66F1C11E53000F8BDB3 /* LTHtmlViewController.m */ = {isa = PBXFileReference; fileEncoding = 4; lastKnownFileType = sourcecode.c.objc; path = LTHtmlViewController.m; sourceTree = "<group>"; };
		CB5B3DB81C10591700FA27E7 /* cywt.json */ = {isa = PBXFileReference; fileEncoding = 4; lastKnownFileType = text.json; path = cywt.json; sourceTree = "<group>"; };
		CB5B3DB91C10591700FA27E7 /* products.json */ = {isa = PBXFileReference; fileEncoding = 4; lastKnownFileType = text.json; path = products.json; sourceTree = "<group>"; };
		CB5B3DBB1C10591700FA27E7 /* bjdc_howto.html */ = {isa = PBXFileReference; fileEncoding = 4; lastKnownFileType = text.html; path = bjdc_howto.html; sourceTree = "<group>"; };
		CB5B3DBC1C10591700FA27E7 /* coupon_help.html */ = {isa = PBXFileReference; fileEncoding = 4; lastKnownFileType = text.html; path = coupon_help.html; sourceTree = "<group>"; };
		CB5B3DBD1C10591700FA27E7 /* credit_help.html */ = {isa = PBXFileReference; fileEncoding = 4; lastKnownFileType = text.html; path = credit_help.html; sourceTree = "<group>"; };
		CB5B3DBE1C10591700FA27E7 /* dlt_howto.html */ = {isa = PBXFileReference; fileEncoding = 4; lastKnownFileType = text.html; path = dlt_howto.html; sourceTree = "<group>"; };
		CB5B3DBF1C10591700FA27E7 /* f9_howto.html */ = {isa = PBXFileReference; fileEncoding = 4; lastKnownFileType = text.html; path = f9_howto.html; sourceTree = "<group>"; };
		CB5B3DC01C10591700FA27E7 /* gdy11_howto.html */ = {isa = PBXFileReference; fileEncoding = 4; lastKnownFileType = text.html; path = gdy11_howto.html; sourceTree = "<group>"; };
		CB5B3DC11C10591700FA27E7 /* group_record.html */ = {isa = PBXFileReference; fileEncoding = 4; lastKnownFileType = text.html; path = group_record.html; sourceTree = "<group>"; };
		CB5B3DC21C10591700FA27E7 /* help.html */ = {isa = PBXFileReference; fileEncoding = 4; lastKnownFileType = text.html; path = help.html; sourceTree = "<group>"; };
		CB5B3DC31C10591700FA27E7 /* helpGroupBuy.html */ = {isa = PBXFileReference; fileEncoding = 4; lastKnownFileType = text.html; path = helpGroupBuy.html; sourceTree = "<group>"; };
		CB5B3DC41C10591700FA27E7 /* jclq_howto.html */ = {isa = PBXFileReference; fileEncoding = 4; lastKnownFileType = text.html; path = jclq_howto.html; sourceTree = "<group>"; };
		CB5B3DC51C10591700FA27E7 /* jczq_howto.html */ = {isa = PBXFileReference; fileEncoding = 4; lastKnownFileType = text.html; path = jczq_howto.html; sourceTree = "<group>"; };
		CB5B3DC61C10591700FA27E7 /* jxssc_howto.html */ = {isa = PBXFileReference; fileEncoding = 4; lastKnownFileType = text.html; path = jxssc_howto.html; sourceTree = "<group>"; };
		CB5B3DC71C10591700FA27E7 /* jxy11_howto.html */ = {isa = PBXFileReference; fileEncoding = 4; lastKnownFileType = text.html; path = jxy11_howto.html; sourceTree = "<group>"; };
		CB5B3DC81C10591700FA27E7 /* k2_howto.html */ = {isa = PBXFileReference; fileEncoding = 4; lastKnownFileType = text.html; path = k2_howto.html; sourceTree = "<group>"; };
		CB5B3DC91C10591700FA27E7 /* k3_howto.html */ = {isa = PBXFileReference; fileEncoding = 4; lastKnownFileType = text.html; path = k3_howto.html; sourceTree = "<group>"; };
		CB5B3DCA1C10591700FA27E7 /* kl8_howto.html */ = {isa = PBXFileReference; fileEncoding = 4; lastKnownFileType = text.html; path = kl8_howto.html; sourceTree = "<group>"; };
		CB5B3DCB1C10591700FA27E7 /* lk11_howto.html */ = {isa = PBXFileReference; fileEncoding = 4; lastKnownFileType = text.html; path = lk11_howto.html; sourceTree = "<group>"; };
		CB5B3DCC1C10591700FA27E7 /* networkconnectedfailed.html */ = {isa = PBXFileReference; fileEncoding = 4; lastKnownFileType = text.html; path = networkconnectedfailed.html; sourceTree = "<group>"; };
		CB5B3DCD1C10591700FA27E7 /* pl3_howto.html */ = {isa = PBXFileReference; fileEncoding = 4; lastKnownFileType = text.html; path = pl3_howto.html; sourceTree = "<group>"; };
		CB5B3DCE1C10591700FA27E7 /* pl5_howto.html */ = {isa = PBXFileReference; fileEncoding = 4; lastKnownFileType = text.html; path = pl5_howto.html; sourceTree = "<group>"; };
		CB5B3DCF1C10591700FA27E7 /* qlc_howto.html */ = {isa = PBXFileReference; fileEncoding = 4; lastKnownFileType = text.html; path = qlc_howto.html; sourceTree = "<group>"; };
		CB5B3DD01C10591700FA27E7 /* qxc_howto.html */ = {isa = PBXFileReference; fileEncoding = 4; lastKnownFileType = text.html; path = qxc_howto.html; sourceTree = "<group>"; };
		CB5B3DD11C10591700FA27E7 /* rule.css */ = {isa = PBXFileReference; fileEncoding = 4; lastKnownFileType = text.css; path = rule.css; sourceTree = "<group>"; };
		CB5B3DD21C10591700FA27E7 /* sfc_howto.html */ = {isa = PBXFileReference; fileEncoding = 4; lastKnownFileType = text.html; path = sfc_howto.html; sourceTree = "<group>"; };
		CB5B3DD31C10591700FA27E7 /* ssc_howto.html */ = {isa = PBXFileReference; fileEncoding = 4; lastKnownFileType = text.html; path = ssc_howto.html; sourceTree = "<group>"; };
		CB5B3DD41C10591700FA27E7 /* ssq_howto.html */ = {isa = PBXFileReference; fileEncoding = 4; lastKnownFileType = text.html; path = ssq_howto.html; sourceTree = "<group>"; };
		CB5B3DD51C10591700FA27E7 /* x3d_howto.html */ = {isa = PBXFileReference; fileEncoding = 4; lastKnownFileType = text.html; path = x3d_howto.html; sourceTree = "<group>"; };
		CB5B3DD61C10591700FA27E7 /* y11_howto.html */ = {isa = PBXFileReference; fileEncoding = 4; lastKnownFileType = text.html; path = y11_howto.html; sourceTree = "<group>"; };
		CB5B3DD71C10591700FA27E7 /* znzh.html */ = {isa = PBXFileReference; fileEncoding = 4; lastKnownFileType = text.html; path = znzh.html; sourceTree = "<group>"; };
		CB5B3DF71C10594000FA27E7 /* help.json */ = {isa = PBXFileReference; fileEncoding = 4; lastKnownFileType = text.json; path = help.json; sourceTree = "<group>"; };
		CB5B3DF91C10867800FA27E7 /* SettingItemCell.h */ = {isa = PBXFileReference; fileEncoding = 4; lastKnownFileType = sourcecode.c.h; path = SettingItemCell.h; sourceTree = "<group>"; };
		CB5B3DFA1C10867800FA27E7 /* SettingItemCell.m */ = {isa = PBXFileReference; fileEncoding = 4; lastKnownFileType = sourcecode.c.objc; path = SettingItemCell.m; sourceTree = "<group>"; };
		CB5B3E021C10940C00FA27E7 /* PrefixHeader.pch */ = {isa = PBXFileReference; lastKnownFileType = sourcecode.c.h; path = PrefixHeader.pch; sourceTree = "<group>"; };
		CB8893D31C10217400F3A73E /* LTNavigationController.h */ = {isa = PBXFileReference; fileEncoding = 4; lastKnownFileType = sourcecode.c.h; path = LTNavigationController.h; sourceTree = "<group>"; };
		CB8893D41C10217400F3A73E /* LTNavigationController.m */ = {isa = PBXFileReference; fileEncoding = 4; lastKnownFileType = sourcecode.c.objc; path = LTNavigationController.m; sourceTree = "<group>"; };
		CB8996781C10399C00C803E9 /* UIImage+Resizable.h */ = {isa = PBXFileReference; fileEncoding = 4; lastKnownFileType = sourcecode.c.h; path = "UIImage+Resizable.h"; sourceTree = "<group>"; };
		CB8996791C10399C00C803E9 /* UIImage+Resizable.m */ = {isa = PBXFileReference; fileEncoding = 4; lastKnownFileType = sourcecode.c.objc; path = "UIImage+Resizable.m"; sourceTree = "<group>"; };
		CB89967D1C10435300C803E9 /* LoginViewController.h */ = {isa = PBXFileReference; fileEncoding = 4; lastKnownFileType = sourcecode.c.h; path = LoginViewController.h; sourceTree = "<group>"; };
		CB89967E1C10435300C803E9 /* LoginViewController.m */ = {isa = PBXFileReference; fileEncoding = 4; lastKnownFileType = sourcecode.c.objc; path = LoginViewController.m; sourceTree = "<group>"; };
/* End PBXFileReference section */

/* Begin PBXFrameworksBuildPhase section */
		CB13F8141C0D48AD007C137F /* Frameworks */ = {
			isa = PBXFrameworksBuildPhase;
			buildActionMask = 2147483647;
			files = (
			);
			runOnlyForDeploymentPostprocessing = 0;
		};
		CB13F82D1C0D48AD007C137F /* Frameworks */ = {
			isa = PBXFrameworksBuildPhase;
			buildActionMask = 2147483647;
			files = (
			);
			runOnlyForDeploymentPostprocessing = 0;
		};
		CB13F8381C0D48AD007C137F /* Frameworks */ = {
			isa = PBXFrameworksBuildPhase;
			buildActionMask = 2147483647;
			files = (
			);
			runOnlyForDeploymentPostprocessing = 0;
		};
/* End PBXFrameworksBuildPhase section */

/* Begin PBXGroup section */
		CB0F6D451C12D7A1006CA80D /* Share */ = {
			isa = PBXGroup;
			children = (
				CB0F6D461C12D7C9006CA80D /* LTShareViewController.h */,
				CB0F6D471C12D7C9006CA80D /* LTShareViewController.m */,
			);
			path = Share;
			sourceTree = "<group>";
		};
		CB13F80E1C0D48AD007C137F = {
			isa = PBXGroup;
			children = (
				CB13F8191C0D48AD007C137F /* 彩票 */,
				CB13F8331C0D48AD007C137F /* 彩票Tests */,
				CB13F83E1C0D48AD007C137F /* 彩票UITests */,
				CB13F8181C0D48AD007C137F /* Products */,
			);
			sourceTree = "<group>";
		};
		CB13F8181C0D48AD007C137F /* Products */ = {
			isa = PBXGroup;
			children = (
				CB13F8171C0D48AD007C137F /* 彩票.app */,
				CB13F8301C0D48AD007C137F /* 彩票Tests.xctest */,
				CB13F83B1C0D48AD007C137F /* 彩票UITests.bundle */,
			);
			name = Products;
			sourceTree = "<group>";
		};
		CB13F8191C0D48AD007C137F /* 彩票 */ = {
			isa = PBXGroup;
			children = (
				CB13F84E1C0D7F05007C137F /* Classes */,
				CB13F8261C0D48AD007C137F /* Assets.xcassets */,
				CB13F8231C0D48AD007C137F /* Main.storyboard */,
				CB13F81A1C0D48AD007C137F /* Supporting Files */,
			);
			path = "彩票";
			sourceTree = "<group>";
		};
		CB13F81A1C0D48AD007C137F /* Supporting Files */ = {
			isa = PBXGroup;
			children = (
				CB5B3DB71C10591700FA27E7 /* Data */,
				CB5B3DBA1C10591700FA27E7 /* Html */,
				CB13F8681C0D7F05007C137F /* main.m */,
				CB13F82B1C0D48AD007C137F /* Info.plist */,
			);
			name = "Supporting Files";
			sourceTree = "<group>";
		};
		CB13F8331C0D48AD007C137F /* 彩票Tests */ = {
			isa = PBXGroup;
			children = (
				CB13F8341C0D48AD007C137F /* __Tests.m */,
				CB13F8361C0D48AD007C137F /* Info.plist */,
			);
			path = "彩票Tests";
			sourceTree = "<group>";
		};
		CB13F83E1C0D48AD007C137F /* 彩票UITests */ = {
			isa = PBXGroup;
			children = (
				CB13F83F1C0D48AD007C137F /* __UITests.m */,
				CB13F8411C0D48AD007C137F /* Info.plist */,
			);
			path = "彩票UITests";
			sourceTree = "<group>";
		};
		CB13F84E1C0D7F05007C137F /* Classes */ = {
			isa = PBXGroup;
			children = (
				CB8996811C10435300C803E9 /* Setting */,
				CB13F8691C0D7F05007C137F /* Squar(幸运广场) */,
				CB13F84F1C0D7F05007C137F /* Award(开奖信息) */,
				CB13F8531C0D7F05007C137F /* Buy(合买跟单) */,
				CB13F8571C0D7F05007C137F /* Hall(购彩大厅) */,
				CB13F85B1C0D7F05007C137F /* Lottery(我的彩票) */,
				CB13F85F1C0D7F05007C137F /* Main */,
				CB13F8651C0D7F05007C137F /* Other */,
			);
			path = Classes;
			sourceTree = "<group>";
		};
		CB13F84F1C0D7F05007C137F /* Award(开奖信息) */ = {
			isa = PBXGroup;
			children = (
				CB13F8501C0D7F05007C137F /* Controller */,
				CB13F8511C0D7F05007C137F /* Model */,
				CB13F8521C0D7F05007C137F /* View */,
			);
			path = "Award(开奖信息)";
			sourceTree = "<group>";
		};
		CB13F8501C0D7F05007C137F /* Controller */ = {
			isa = PBXGroup;
			children = (
			);
			path = Controller;
			sourceTree = "<group>";
		};
		CB13F8511C0D7F05007C137F /* Model */ = {
			isa = PBXGroup;
			children = (
			);
			path = Model;
			sourceTree = "<group>";
		};
		CB13F8521C0D7F05007C137F /* View */ = {
			isa = PBXGroup;
			children = (
			);
			path = View;
			sourceTree = "<group>";
		};
		CB13F8531C0D7F05007C137F /* Buy(合买跟单) */ = {
			isa = PBXGroup;
			children = (
				CB13F8541C0D7F05007C137F /* Controller */,
				CB13F8551C0D7F05007C137F /* Model */,
				CB13F8561C0D7F05007C137F /* View */,
			);
			path = "Buy(合买跟单)";
			sourceTree = "<group>";
		};
		CB13F8541C0D7F05007C137F /* Controller */ = {
			isa = PBXGroup;
			children = (
			);
			path = Controller;
			sourceTree = "<group>";
		};
		CB13F8551C0D7F05007C137F /* Model */ = {
			isa = PBXGroup;
			children = (
			);
			path = Model;
			sourceTree = "<group>";
		};
		CB13F8561C0D7F05007C137F /* View */ = {
			isa = PBXGroup;
			children = (
			);
			path = View;
			sourceTree = "<group>";
		};
		CB13F8571C0D7F05007C137F /* Hall(购彩大厅) */ = {
			isa = PBXGroup;
			children = (
				CB13F8581C0D7F05007C137F /* Controller */,
				CB13F8591C0D7F05007C137F /* Model */,
				CB13F85A1C0D7F05007C137F /* View */,
			);
			path = "Hall(购彩大厅)";
			sourceTree = "<group>";
		};
		CB13F8581C0D7F05007C137F /* Controller */ = {
			isa = PBXGroup;
			children = (
			);
			path = Controller;
			sourceTree = "<group>";
		};
		CB13F8591C0D7F05007C137F /* Model */ = {
			isa = PBXGroup;
			children = (
			);
			path = Model;
			sourceTree = "<group>";
		};
		CB13F85A1C0D7F05007C137F /* View */ = {
			isa = PBXGroup;
			children = (
			);
			path = View;
			sourceTree = "<group>";
		};
		CB13F85B1C0D7F05007C137F /* Lottery(我的彩票) */ = {
			isa = PBXGroup;
			children = (
				CB89967B1C10435300C803E9 /* main */,
			);
			path = "Lottery(我的彩票)";
			sourceTree = "<group>";
		};
		CB13F85F1C0D7F05007C137F /* Main */ = {
			isa = PBXGroup;
			children = (
				CB13F8601C0D7F05007C137F /* Controller */,
				CB13F8631C0D7F05007C137F /* Model */,
				CB13F8641C0D7F05007C137F /* View */,
			);
			path = Main;
			sourceTree = "<group>";
		};
		CB13F8601C0D7F05007C137F /* Controller */ = {
			isa = PBXGroup;
			children = (
				CB13F8721C0D913C007C137F /* LTTabBarViewController.h */,
				CB13F8731C0D913C007C137F /* LTTabBarViewController.m */,
				CB8893D31C10217400F3A73E /* LTNavigationController.h */,
				CB8893D41C10217400F3A73E /* LTNavigationController.m */,
			);
			path = Controller;
			sourceTree = "<group>";
		};
		CB13F8631C0D7F05007C137F /* Model */ = {
			isa = PBXGroup;
			children = (
			);
			path = Model;
			sourceTree = "<group>";
		};
		CB13F8641C0D7F05007C137F /* View */ = {
			isa = PBXGroup;
			children = (
				CB13F8781C0D9617007C137F /* LTTabBar.h */,
				CB13F8791C0D9617007C137F /* LTTabBar.m */,
				CB13F87B1C0D969D007C137F /* LTTabBarButton.h */,
				CB13F87C1C0D969D007C137F /* LTTabBarButton.m */,
			);
			path = View;
			sourceTree = "<group>";
		};
		CB13F8651C0D7F05007C137F /* Other */ = {
			isa = PBXGroup;
			children = (
				CB15F6591C11D0F200F8BDB3 /* lib */,
				CB15F63E1C11782300F8BDB3 /* Tool */,
				CB8996771C10398E00C803E9 /* Catogery */,
				CB13F8661C0D7F05007C137F /* AppDelegate.h */,
				CB13F8671C0D7F05007C137F /* AppDelegate.m */,
				CB5B3E021C10940C00FA27E7 /* PrefixHeader.pch */,
			);
			path = Other;
			sourceTree = "<group>";
		};
		CB13F8691C0D7F05007C137F /* Squar(幸运广场) */ = {
			isa = PBXGroup;
			children = (
				CB13F86A1C0D7F05007C137F /* Controller */,
				CB13F86B1C0D7F05007C137F /* Model */,
				CB13F86C1C0D7F05007C137F /* View */,
			);
			path = "Squar(幸运广场)";
			sourceTree = "<group>";
		};
		CB13F86A1C0D7F05007C137F /* Controller */ = {
			isa = PBXGroup;
			children = (
			);
			path = Controller;
			sourceTree = "<group>";
		};
		CB13F86B1C0D7F05007C137F /* Model */ = {
			isa = PBXGroup;
			children = (
			);
			path = Model;
			sourceTree = "<group>";
		};
		CB13F86C1C0D7F05007C137F /* View */ = {
			isa = PBXGroup;
			children = (
			);
			path = View;
			sourceTree = "<group>";
		};
		CB15F62E1C1174C800F8BDB3 /* PushNotification */ = {
			isa = PBXGroup;
			children = (
				CB15F62F1C1174C800F8BDB3 /* LotteryNumPushViewController.h */,
				CB15F6301C1174C800F8BDB3 /* LotteryNumPushViewController.m */,
				CB15F6311C1174C800F8BDB3 /* LTLotteryAnimationViewController.h */,
				CB15F6321C1174C800F8BDB3 /* LTLotteryAnimationViewController.m */,
				CB15F6331C1174C800F8BDB3 /* LTScoreViewController.h */,
				CB15F6341C1174C800F8BDB3 /* LTScoreViewController.m */,
				CB15F6351C1174C800F8BDB3 /* PushNotificationViewController.h */,
				CB15F6361C1174C800F8BDB3 /* PushNotificationViewController.m */,
			);
			path = PushNotification;
			sourceTree = "<group>";
		};
		CB15F63E1C11782300F8BDB3 /* Tool */ = {
			isa = PBXGroup;
			children = (
				CB15F63F1C11784000F8BDB3 /* DSTool.h */,
				CB15F6401C11784000F8BDB3 /* DSTool.m */,
			);
			path = Tool;
			sourceTree = "<group>";
		};
		CB15F6421C11CF4B00F8BDB3 /* Item */ = {
			isa = PBXGroup;
			children = (
				CB15F6431C11CF4B00F8BDB3 /* LTSettingArrowItem.h */,
				CB15F6441C11CF4B00F8BDB3 /* LTSettingArrowItem.m */,
				CB15F6451C11CF4B00F8BDB3 /* LTSettingGroup.h */,
				CB15F6461C11CF4B00F8BDB3 /* LTSettingGroup.m */,
				CB15F6471C11CF4B00F8BDB3 /* LTSettingItem.h */,
				CB15F6481C11CF4B00F8BDB3 /* LTSettingItem.m */,
				CB15F6491C11CF4B00F8BDB3 /* LTSettingLabelItem.h */,
				CB15F64A1C11CF4B00F8BDB3 /* LTSettingLabelItem.m */,
				CB15F64B1C11CF4B00F8BDB3 /* LTSettingSwitchItem.h */,
				CB15F64C1C11CF4B00F8BDB3 /* LTSettingSwitchItem.m */,
			);
			path = Item;
			sourceTree = "<group>";
		};
		CB15F6521C11D08B00F8BDB3 /* Setting */ = {
			isa = PBXGroup;
			children = (
				CB15F6531C11D08B00F8BDB3 /* LTBaseTableViewController.h */,
				CB15F6541C11D08B00F8BDB3 /* LTBaseTableViewController.m */,
				CB15F6551C11D08B00F8BDB3 /* LTSettingTableViewController.h */,
				CB15F6561C11D08B00F8BDB3 /* LTSettingTableViewController.m */,
			);
			path = Setting;
			sourceTree = "<group>";
		};
		CB15F6591C11D0F200F8BDB3 /* lib */ = {
			isa = PBXGroup;
			children = (
				CB15F65A1C11D0FA00F8BDB3 /* MBProgressHUD */,
			);
			path = lib;
			sourceTree = "<group>";
		};
		CB15F65A1C11D0FA00F8BDB3 /* MBProgressHUD */ = {
			isa = PBXGroup;
			children = (
				CB15F65B1C11D0FA00F8BDB3 /* MBProgressHUD+MJ.h */,
				CB15F65C1C11D0FA00F8BDB3 /* MBProgressHUD+MJ.m */,
				CB15F65D1C11D0FA00F8BDB3 /* MBProgressHUD.bundle */,
				CB15F65E1C11D0FA00F8BDB3 /* MBProgressHUD.h */,
				CB15F65F1C11D0FA00F8BDB3 /* MBProgressHUD.m */,
			);
			path = MBProgressHUD;
			sourceTree = "<group>";
		};
		CB15F6661C11DE2F00F8BDB3 /* Help */ = {
			isa = PBXGroup;
			children = (
				CB15F6671C11DE2F00F8BDB3 /* HelpViewController.h */,
				CB15F6681C11DE2F00F8BDB3 /* HelpViewController.m */,
				CB15F66E1C11E53000F8BDB3 /* LTHtmlViewController.h */,
				CB15F66F1C11E53000F8BDB3 /* LTHtmlViewController.m */,
			);
			path = Help;
			sourceTree = "<group>";
		};
		CB15F66A1C11DE4700F8BDB3 /* Help */ = {
			isa = PBXGroup;
			children = (
				CB15F66B1C11DE9200F8BDB3 /* LTHelpItem.h */,
				CB15F66C1C11DE9200F8BDB3 /* LTHelpItem.m */,
			);
			path = Help;
			sourceTree = "<group>";
		};
		CB5B3DB71C10591700FA27E7 /* Data */ = {
			isa = PBXGroup;
			children = (
				CB5B3DB81C10591700FA27E7 /* cywt.json */,
				CB5B3DF71C10594000FA27E7 /* help.json */,
				CB5B3DB91C10591700FA27E7 /* products.json */,
			);
			path = Data;
			sourceTree = "<group>";
		};
		CB5B3DBA1C10591700FA27E7 /* Html */ = {
			isa = PBXGroup;
			children = (
				CB5B3DBB1C10591700FA27E7 /* bjdc_howto.html */,
				CB5B3DBC1C10591700FA27E7 /* coupon_help.html */,
				CB5B3DBD1C10591700FA27E7 /* credit_help.html */,
				CB5B3DBE1C10591700FA27E7 /* dlt_howto.html */,
				CB5B3DBF1C10591700FA27E7 /* f9_howto.html */,
				CB5B3DC01C10591700FA27E7 /* gdy11_howto.html */,
				CB5B3DC11C10591700FA27E7 /* group_record.html */,
				CB5B3DC21C10591700FA27E7 /* help.html */,
				CB5B3DC31C10591700FA27E7 /* helpGroupBuy.html */,
				CB5B3DC41C10591700FA27E7 /* jclq_howto.html */,
				CB5B3DC51C10591700FA27E7 /* jczq_howto.html */,
				CB5B3DC61C10591700FA27E7 /* jxssc_howto.html */,
				CB5B3DC71C10591700FA27E7 /* jxy11_howto.html */,
				CB5B3DC81C10591700FA27E7 /* k2_howto.html */,
				CB5B3DC91C10591700FA27E7 /* k3_howto.html */,
				CB5B3DCA1C10591700FA27E7 /* kl8_howto.html */,
				CB5B3DCB1C10591700FA27E7 /* lk11_howto.html */,
				CB5B3DCC1C10591700FA27E7 /* networkconnectedfailed.html */,
				CB5B3DCD1C10591700FA27E7 /* pl3_howto.html */,
				CB5B3DCE1C10591700FA27E7 /* pl5_howto.html */,
				CB5B3DCF1C10591700FA27E7 /* qlc_howto.html */,
				CB5B3DD01C10591700FA27E7 /* qxc_howto.html */,
				CB5B3DD11C10591700FA27E7 /* rule.css */,
				CB5B3DD21C10591700FA27E7 /* sfc_howto.html */,
				CB5B3DD31C10591700FA27E7 /* ssc_howto.html */,
				CB5B3DD41C10591700FA27E7 /* ssq_howto.html */,
				CB5B3DD51C10591700FA27E7 /* x3d_howto.html */,
				CB5B3DD61C10591700FA27E7 /* y11_howto.html */,
				CB5B3DD71C10591700FA27E7 /* znzh.html */,
			);
			path = Html;
			sourceTree = "<group>";
		};
		CB8996771C10398E00C803E9 /* Catogery */ = {
			isa = PBXGroup;
			children = (
				CB8996781C10399C00C803E9 /* UIImage+Resizable.h */,
				CB8996791C10399C00C803E9 /* UIImage+Resizable.m */,
			);
			path = Catogery;
			sourceTree = "<group>";
		};
		CB89967B1C10435300C803E9 /* main */ = {
			isa = PBXGroup;
			children = (
				CB89967C1C10435300C803E9 /* Controller */,
				CB89967F1C10435300C803E9 /* Model */,
				CB8996801C10435300C803E9 /* View */,
			);
			path = main;
			sourceTree = "<group>";
		};
		CB89967C1C10435300C803E9 /* Controller */ = {
			isa = PBXGroup;
			children = (
				CB89967D1C10435300C803E9 /* LoginViewController.h */,
				CB89967E1C10435300C803E9 /* LoginViewController.m */,
			);
			path = Controller;
			sourceTree = "<group>";
		};
		CB89967F1C10435300C803E9 /* Model */ = {
			isa = PBXGroup;
			children = (
			);
			path = Model;
			sourceTree = "<group>";
		};
		CB8996801C10435300C803E9 /* View */ = {
			isa = PBXGroup;
			children = (
			);
			path = View;
			sourceTree = "<group>";
		};
		CB8996811C10435300C803E9 /* Setting */ = {
			isa = PBXGroup;
			children = (
				CB8996821C10435300C803E9 /* Controller */,
				CB8996831C10435300C803E9 /* Model */,
				CB8996841C10435300C803E9 /* View */,
			);
			name = Setting;
			path = "Lottery(我的彩票)/Setting";
			sourceTree = "<group>";
		};
		CB8996821C10435300C803E9 /* Controller */ = {
			isa = PBXGroup;
			children = (
				CB0F6D451C12D7A1006CA80D /* Share */,
				CB15F6661C11DE2F00F8BDB3 /* Help */,
				CB15F6521C11D08B00F8BDB3 /* Setting */,
				CB15F62E1C1174C800F8BDB3 /* PushNotification */,
			);
			path = Controller;
			sourceTree = "<group>";
		};
		CB8996831C10435300C803E9 /* Model */ = {
			isa = PBXGroup;
			children = (
				CB15F66A1C11DE4700F8BDB3 /* Help */,
				CB15F6421C11CF4B00F8BDB3 /* Item */,
			);
			path = Model;
			sourceTree = "<group>";
		};
		CB8996841C10435300C803E9 /* View */ = {
			isa = PBXGroup;
			children = (
				CB5B3DF91C10867800FA27E7 /* SettingItemCell.h */,
				CB5B3DFA1C10867800FA27E7 /* SettingItemCell.m */,
			);
			path = View;
			sourceTree = "<group>";
		};
/* End PBXGroup section */

/* Begin PBXNativeTarget section */
		CB13F8161C0D48AD007C137F /* 彩票 */ = {
			isa = PBXNativeTarget;
			buildConfigurationList = CB13F8441C0D48AD007C137F /* Build configuration list for PBXNativeTarget "彩票" */;
			buildPhases = (
				CB13F8131C0D48AD007C137F /* Sources */,
				CB13F8141C0D48AD007C137F /* Frameworks */,
				CB13F8151C0D48AD007C137F /* Resources */,
			);
			buildRules = (
			);
			dependencies = (
			);
			name = "彩票";
			productName = "彩票";
			productReference = CB13F8171C0D48AD007C137F /* 彩票.app */;
			productType = "com.apple.product-type.application";
		};
		CB13F82F1C0D48AD007C137F /* 彩票Tests */ = {
			isa = PBXNativeTarget;
			buildConfigurationList = CB13F8471C0D48AD007C137F /* Build configuration list for PBXNativeTarget "彩票Tests" */;
			buildPhases = (
				CB13F82C1C0D48AD007C137F /* Sources */,
				CB13F82D1C0D48AD007C137F /* Frameworks */,
				CB13F82E1C0D48AD007C137F /* Resources */,
			);
			buildRules = (
			);
			dependencies = (
				CB13F8321C0D48AD007C137F /* PBXTargetDependency */,
			);
			name = "彩票Tests";
			productName = "彩票Tests";
			productReference = CB13F8301C0D48AD007C137F /* 彩票Tests.xctest */;
			productType = "com.apple.product-type.bundle.unit-test";
		};
		CB13F83A1C0D48AD007C137F /* 彩票UITests */ = {
			isa = PBXNativeTarget;
			buildConfigurationList = CB13F84A1C0D48AD007C137F /* Build configuration list for PBXNativeTarget "彩票UITests" */;
			buildPhases = (
				CB13F8371C0D48AD007C137F /* Sources */,
				CB13F8381C0D48AD007C137F /* Frameworks */,
				CB13F8391C0D48AD007C137F /* Resources */,
			);
			buildRules = (
			);
			dependencies = (
				CB13F83D1C0D48AD007C137F /* PBXTargetDependency */,
			);
			name = "彩票UITests";
			productName = "彩票UITests";
			productReference = CB13F83B1C0D48AD007C137F /* 彩票UITests.bundle */;
			productType = "com.apple.product-type.bundle";
		};
/* End PBXNativeTarget section */

/* Begin PBXProject section */
		CB13F80F1C0D48AD007C137F /* Project object */ = {
			isa = PBXProject;
			attributes = {
				LastUpgradeCheck = 0710;
				ORGANIZATIONNAME = JW;
				TargetAttributes = {
					CB13F8161C0D48AD007C137F = {
						CreatedOnToolsVersion = 7.1;
					};
					CB13F82F1C0D48AD007C137F = {
						CreatedOnToolsVersion = 7.1;
						TestTargetID = CB13F8161C0D48AD007C137F;
					};
					CB13F83A1C0D48AD007C137F = {
						CreatedOnToolsVersion = 7.1;
						TestTargetID = CB13F8161C0D48AD007C137F;
					};
				};
			};
			buildConfigurationList = CB13F8121C0D48AD007C137F /* Build configuration list for PBXProject "彩票" */;
			compatibilityVersion = "Xcode 3.2";
			developmentRegion = English;
			hasScannedForEncodings = 0;
			knownRegions = (
				en,
				Base,
				"zh-Hans",
			);
			mainGroup = CB13F80E1C0D48AD007C137F;
			productRefGroup = CB13F8181C0D48AD007C137F /* Products */;
			projectDirPath = "";
			projectRoot = "";
			targets = (
				CB13F8161C0D48AD007C137F /* 彩票 */,
				CB13F82F1C0D48AD007C137F /* 彩票Tests */,
				CB13F83A1C0D48AD007C137F /* 彩票UITests */,
			);
		};
/* End PBXProject section */

/* Begin PBXResourcesBuildPhase section */
		CB13F8151C0D48AD007C137F /* Resources */ = {
			isa = PBXResourcesBuildPhase;
			buildActionMask = 2147483647;
			files = (
				CB5B3DE61C10591700FA27E7 /* jxy11_howto.html in Resources */,
				CB5B3DE41C10591700FA27E7 /* jczq_howto.html in Resources */,
				CB5B3DEE1C10591700FA27E7 /* qlc_howto.html in Resources */,
				CB5B3DED1C10591700FA27E7 /* pl5_howto.html in Resources */,
				CB5B3DE01C10591700FA27E7 /* group_record.html in Resources */,
				CB5B3DE11C10591700FA27E7 /* help.html in Resources */,
				CB5B3DEB1C10591700FA27E7 /* networkconnectedfailed.html in Resources */,
				CB5B3DEF1C10591700FA27E7 /* qxc_howto.html in Resources */,
				CB5B3DF81C10594000FA27E7 /* help.json in Resources */,
				CB5B3DDC1C10591700FA27E7 /* credit_help.html in Resources */,
				CB5B3DDF1C10591700FA27E7 /* gdy11_howto.html in Resources */,
				CB5B3DE31C10591700FA27E7 /* jclq_howto.html in Resources */,
				CB5B3DF01C10591700FA27E7 /* rule.css in Resources */,
				CB5B3DE21C10591700FA27E7 /* helpGroupBuy.html in Resources */,
				CB5B3DF61C10591700FA27E7 /* znzh.html in Resources */,
				CB5B3DD81C10591700FA27E7 /* cywt.json in Resources */,
				CB5B3DEA1C10591700FA27E7 /* lk11_howto.html in Resources */,
				CB5B3DD91C10591700FA27E7 /* products.json in Resources */,
				CB13F8271C0D48AD007C137F /* Assets.xcassets in Resources */,
				CB5B3DE71C10591700FA27E7 /* k2_howto.html in Resources */,
				CB5B3DE91C10591700FA27E7 /* kl8_howto.html in Resources */,
				CB13F8251C0D48AD007C137F /* Main.storyboard in Resources */,
				CB5B3DDE1C10591700FA27E7 /* f9_howto.html in Resources */,
				CB5B3DF11C10591700FA27E7 /* sfc_howto.html in Resources */,
				CB5B3DDD1C10591700FA27E7 /* dlt_howto.html in Resources */,
				CB5B3DDA1C10591700FA27E7 /* bjdc_howto.html in Resources */,
				CB5B3DE51C10591700FA27E7 /* jxssc_howto.html in Resources */,
				CB15F6611C11D0FA00F8BDB3 /* MBProgressHUD.bundle in Resources */,
				CB5B3DDB1C10591700FA27E7 /* coupon_help.html in Resources */,
				CB5B3DF41C10591700FA27E7 /* x3d_howto.html in Resources */,
				CB5B3DE81C10591700FA27E7 /* k3_howto.html in Resources */,
				CB5B3DF51C10591700FA27E7 /* y11_howto.html in Resources */,
				CB5B3DF21C10591700FA27E7 /* ssc_howto.html in Resources */,
				CB5B3DF31C10591700FA27E7 /* ssq_howto.html in Resources */,
				CB5B3DEC1C10591700FA27E7 /* pl3_howto.html in Resources */,
			);
			runOnlyForDeploymentPostprocessing = 0;
		};
		CB13F82E1C0D48AD007C137F /* Resources */ = {
			isa = PBXResourcesBuildPhase;
			buildActionMask = 2147483647;
			files = (
			);
			runOnlyForDeploymentPostprocessing = 0;
		};
		CB13F8391C0D48AD007C137F /* Resources */ = {
			isa = PBXResourcesBuildPhase;
			buildActionMask = 2147483647;
			files = (
			);
			runOnlyForDeploymentPostprocessing = 0;
		};
/* End PBXResourcesBuildPhase section */

/* Begin PBXSourcesBuildPhase section */
		CB13F8131C0D48AD007C137F /* Sources */ = {
			isa = PBXSourcesBuildPhase;
			buildActionMask = 2147483647;
			files = (
				CB15F63A1C1174C800F8BDB3 /* PushNotificationViewController.m in Sources */,
				CB15F6501C11CF4B00F8BDB3 /* LTSettingLabelItem.m in Sources */,
				CB15F6621C11D0FA00F8BDB3 /* MBProgressHUD.m in Sources */,
				CB15F6571C11D08B00F8BDB3 /* LTBaseTableViewController.m in Sources */,
				CB8996851C10435300C803E9 /* LoginViewController.m in Sources */,
				CB15F6411C11784000F8BDB3 /* DSTool.m in Sources */,
				CB13F87D1C0D969D007C137F /* LTTabBarButton.m in Sources */,
				CB0F6D481C12D7C9006CA80D /* LTShareViewController.m in Sources */,
				CB13F8741C0D913C007C137F /* LTTabBarViewController.m in Sources */,
				CB15F6581C11D08B00F8BDB3 /* LTSettingTableViewController.m in Sources */,
				CB15F64F1C11CF4B00F8BDB3 /* LTSettingItem.m in Sources */,
				CB5B3DFB1C10867800FA27E7 /* SettingItemCell.m in Sources */,
				CB13F87A1C0D9617007C137F /* LTTabBar.m in Sources */,
				CB15F66D1C11DE9200F8BDB3 /* LTHelpItem.m in Sources */,
				CB89967A1C10399C00C803E9 /* UIImage+Resizable.m in Sources */,
				CB15F6391C1174C800F8BDB3 /* LTScoreViewController.m in Sources */,
				CB15F6691C11DE2F00F8BDB3 /* HelpViewController.m in Sources */,
				CB15F6371C1174C800F8BDB3 /* LotteryNumPushViewController.m in Sources */,
				CB13F86F1C0D7F05007C137F /* main.m in Sources */,
				CB13F86E1C0D7F05007C137F /* AppDelegate.m in Sources */,
				CB15F6601C11D0FA00F8BDB3 /* MBProgressHUD+MJ.m in Sources */,
				CB15F6511C11CF4B00F8BDB3 /* LTSettingSwitchItem.m in Sources */,
				CB15F6701C11E53000F8BDB3 /* LTHtmlViewController.m in Sources */,
				CB15F64E1C11CF4B00F8BDB3 /* LTSettingGroup.m in Sources */,
				CB15F64D1C11CF4B00F8BDB3 /* LTSettingArrowItem.m in Sources */,
				CB8893D51C10217400F3A73E /* LTNavigationController.m in Sources */,
				CB15F6381C1174C800F8BDB3 /* LTLotteryAnimationViewController.m in Sources */,
			);
			runOnlyForDeploymentPostprocessing = 0;
		};
		CB13F82C1C0D48AD007C137F /* Sources */ = {
			isa = PBXSourcesBuildPhase;
			buildActionMask = 2147483647;
			files = (
				CB13F8351C0D48AD007C137F /* __Tests.m in Sources */,
			);
			runOnlyForDeploymentPostprocessing = 0;
		};
		CB13F8371C0D48AD007C137F /* Sources */ = {
			isa = PBXSourcesBuildPhase;
			buildActionMask = 2147483647;
			files = (
				CB13F8401C0D48AD007C137F /* __UITests.m in Sources */,
			);
			runOnlyForDeploymentPostprocessing = 0;
		};
/* End PBXSourcesBuildPhase section */

/* Begin PBXTargetDependency section */
		CB13F8321C0D48AD007C137F /* PBXTargetDependency */ = {
			isa = PBXTargetDependency;
			target = CB13F8161C0D48AD007C137F /* 彩票 */;
			targetProxy = CB13F8311C0D48AD007C137F /* PBXContainerItemProxy */;
		};
		CB13F83D1C0D48AD007C137F /* PBXTargetDependency */ = {
			isa = PBXTargetDependency;
			target = CB13F8161C0D48AD007C137F /* 彩票 */;
			targetProxy = CB13F83C1C0D48AD007C137F /* PBXContainerItemProxy */;
		};
/* End PBXTargetDependency section */

/* Begin PBXVariantGroup section */
		CB13F8231C0D48AD007C137F /* Main.storyboard */ = {
			isa = PBXVariantGroup;
			children = (
				CB13F8241C0D48AD007C137F /* Base */,
			);
			name = Main.storyboard;
			sourceTree = "<group>";
		};
/* End PBXVariantGroup section */

/* Begin XCBuildConfiguration section */
		CB13F8421C0D48AD007C137F /* Debug */ = {
			isa = XCBuildConfiguration;
			buildSettings = {
				ALWAYS_SEARCH_USER_PATHS = NO;
				CLANG_CXX_LANGUAGE_STANDARD = "gnu++0x";
				CLANG_CXX_LIBRARY = "libc++";
				CLANG_ENABLE_MODULES = YES;
				CLANG_ENABLE_OBJC_ARC = YES;
				CLANG_WARN_BOOL_CONVERSION = YES;
				CLANG_WARN_CONSTANT_CONVERSION = YES;
				CLANG_WARN_DIRECT_OBJC_ISA_USAGE = YES_ERROR;
				CLANG_WARN_EMPTY_BODY = YES;
				CLANG_WARN_ENUM_CONVERSION = YES;
				CLANG_WARN_INT_CONVERSION = YES;
				CLANG_WARN_OBJC_ROOT_CLASS = YES_ERROR;
				CLANG_WARN_UNREACHABLE_CODE = YES;
				CLANG_WARN__DUPLICATE_METHOD_MATCH = YES;
				"CODE_SIGN_IDENTITY[sdk=iphoneos*]" = "iPhone Developer";
				COPY_PHASE_STRIP = NO;
				DEBUG_INFORMATION_FORMAT = dwarf;
				ENABLE_STRICT_OBJC_MSGSEND = YES;
				ENABLE_TESTABILITY = YES;
				GCC_C_LANGUAGE_STANDARD = gnu99;
				GCC_DYNAMIC_NO_PIC = NO;
				GCC_NO_COMMON_BLOCKS = YES;
				GCC_OPTIMIZATION_LEVEL = 0;
				GCC_PREPROCESSOR_DEFINITIONS = (
					"DEBUG=1",
					"$(inherited)",
				);
				GCC_WARN_64_TO_32_BIT_CONVERSION = YES;
				GCC_WARN_ABOUT_RETURN_TYPE = YES_ERROR;
				GCC_WARN_UNDECLARED_SELECTOR = YES;
				GCC_WARN_UNINITIALIZED_AUTOS = YES_AGGRESSIVE;
				GCC_WARN_UNUSED_FUNCTION = YES;
				GCC_WARN_UNUSED_VARIABLE = YES;
				IPHONEOS_DEPLOYMENT_TARGET = 6.1;
				MTL_ENABLE_DEBUG_INFO = YES;
				ONLY_ACTIVE_ARCH = YES;
				SDKROOT = iphoneos;
				TARGETED_DEVICE_FAMILY = "1,2";
			};
			name = Debug;
		};
		CB13F8431C0D48AD007C137F /* Release */ = {
			isa = XCBuildConfiguration;
			buildSettings = {
				ALWAYS_SEARCH_USER_PATHS = NO;
				CLANG_CXX_LANGUAGE_STANDARD = "gnu++0x";
				CLANG_CXX_LIBRARY = "libc++";
				CLANG_ENABLE_MODULES = YES;
				CLANG_ENABLE_OBJC_ARC = YES;
				CLANG_WARN_BOOL_CONVERSION = YES;
				CLANG_WARN_CONSTANT_CONVERSION = YES;
				CLANG_WARN_DIRECT_OBJC_ISA_USAGE = YES_ERROR;
				CLANG_WARN_EMPTY_BODY = YES;
				CLANG_WARN_ENUM_CONVERSION = YES;
				CLANG_WARN_INT_CONVERSION = YES;
				CLANG_WARN_OBJC_ROOT_CLASS = YES_ERROR;
				CLANG_WARN_UNREACHABLE_CODE = YES;
				CLANG_WARN__DUPLICATE_METHOD_MATCH = YES;
				"CODE_SIGN_IDENTITY[sdk=iphoneos*]" = "iPhone Developer";
				COPY_PHASE_STRIP = NO;
				DEBUG_INFORMATION_FORMAT = "dwarf-with-dsym";
				ENABLE_NS_ASSERTIONS = NO;
				ENABLE_STRICT_OBJC_MSGSEND = YES;
				GCC_C_LANGUAGE_STANDARD = gnu99;
				GCC_NO_COMMON_BLOCKS = YES;
				GCC_WARN_64_TO_32_BIT_CONVERSION = YES;
				GCC_WARN_ABOUT_RETURN_TYPE = YES_ERROR;
				GCC_WARN_UNDECLARED_SELECTOR = YES;
				GCC_WARN_UNINITIALIZED_AUTOS = YES_AGGRESSIVE;
				GCC_WARN_UNUSED_FUNCTION = YES;
				GCC_WARN_UNUSED_VARIABLE = YES;
				IPHONEOS_DEPLOYMENT_TARGET = 6.1;
				MTL_ENABLE_DEBUG_INFO = NO;
				SDKROOT = iphoneos;
				TARGETED_DEVICE_FAMILY = "1,2";
				VALIDATE_PRODUCT = YES;
			};
			name = Release;
		};
		CB13F8451C0D48AD007C137F /* Debug */ = {
			isa = XCBuildConfiguration;
			buildSettings = {
				ASSETCATALOG_COMPILER_APPICON_NAME = AppIcon;
				ASSETCATALOG_COMPILER_LAUNCHIMAGE_NAME = LaunchImage;
				GCC_PRECOMPILE_PREFIX_HEADER = YES;
				GCC_PREFIX_HEADER = "./彩票/Classes/Other/PrefixHeader.pch";
				"GCC_PREPROCESSOR_DEFINITIONS_NOT_USED_IN_PRECOMPS[arch=*]" = "";
				INFOPLIST_FILE = "彩票/Info.plist";
				IPHONEOS_DEPLOYMENT_TARGET = 6.1;
				LD_RUNPATH_SEARCH_PATHS = "$(inherited) @executable_path/Frameworks";
				LIBRARY_SEARCH_PATHS = (
					"$(inherited)",
					"$(PROJECT_DIR)/彩票/Classes/Other/lib/UMSocial_Sdk_4.4",
					"$(PROJECT_DIR)/彩票/Classes/Other/lib/UMSocial_Sdk_4.1",
				);
				PRODUCT_BUNDLE_IDENTIFIER = "com.JW.--";
				PRODUCT_NAME = "$(TARGET_NAME)";
				TARGETED_DEVICE_FAMILY = 1;
			};
			name = Debug;
		};
		CB13F8461C0D48AD007C137F /* Release */ = {
			isa = XCBuildConfiguration;
			buildSettings = {
				ASSETCATALOG_COMPILER_APPICON_NAME = AppIcon;
				ASSETCATALOG_COMPILER_LAUNCHIMAGE_NAME = LaunchImage;
				GCC_PRECOMPILE_PREFIX_HEADER = YES;
				GCC_PREFIX_HEADER = "./彩票/Classes/Other/PrefixHeader.pch";
				"GCC_PREPROCESSOR_DEFINITIONS_NOT_USED_IN_PRECOMPS[arch=*]" = "";
				INFOPLIST_FILE = "彩票/Info.plist";
				IPHONEOS_DEPLOYMENT_TARGET = 6.1;
				LD_RUNPATH_SEARCH_PATHS = "$(inherited) @executable_path/Frameworks";
				LIBRARY_SEARCH_PATHS = (
					"$(inherited)",
					"$(PROJECT_DIR)/彩票/Classes/Other/lib/UMSocial_Sdk_4.4",
					"$(PROJECT_DIR)/彩票/Classes/Other/lib/UMSocial_Sdk_4.1",
				);
				PRODUCT_BUNDLE_IDENTIFIER = "com.JW.--";
				PRODUCT_NAME = "$(TARGET_NAME)";
				TARGETED_DEVICE_FAMILY = 1;
			};
			name = Release;
		};
		CB13F8481C0D48AD007C137F /* Debug */ = {
			isa = XCBuildConfiguration;
			buildSettings = {
				BUNDLE_LOADER = "$(TEST_HOST)";
				INFOPLIST_FILE = "彩票Tests/Info.plist";
				LD_RUNPATH_SEARCH_PATHS = "$(inherited) @executable_path/Frameworks @loader_path/Frameworks";
				PRODUCT_BUNDLE_IDENTIFIER = "com.JW.--Tests";
				PRODUCT_NAME = "$(TARGET_NAME)";
				TEST_HOST = "$(BUILT_PRODUCTS_DIR)/彩票.app/彩票";
			};
			name = Debug;
		};
		CB13F8491C0D48AD007C137F /* Release */ = {
			isa = XCBuildConfiguration;
			buildSettings = {
				BUNDLE_LOADER = "$(TEST_HOST)";
				INFOPLIST_FILE = "彩票Tests/Info.plist";
				LD_RUNPATH_SEARCH_PATHS = "$(inherited) @executable_path/Frameworks @loader_path/Frameworks";
				PRODUCT_BUNDLE_IDENTIFIER = "com.JW.--Tests";
				PRODUCT_NAME = "$(TARGET_NAME)";
				TEST_HOST = "$(BUILT_PRODUCTS_DIR)/彩票.app/彩票";
			};
			name = Release;
		};
		CB13F84B1C0D48AD007C137F /* Debug */ = {
			isa = XCBuildConfiguration;
			buildSettings = {
				INFOPLIST_FILE = "彩票UITests/Info.plist";
				LD_RUNPATH_SEARCH_PATHS = "$(inherited) @executable_path/Frameworks @loader_path/Frameworks";
				PRODUCT_BUNDLE_IDENTIFIER = "com.JW.--UITests";
				PRODUCT_NAME = "$(TARGET_NAME)";
				TEST_TARGET_NAME = "彩票";
				USES_XCTRUNNER = YES;
			};
			name = Debug;
		};
		CB13F84C1C0D48AD007C137F /* Release */ = {
			isa = XCBuildConfiguration;
			buildSettings = {
				INFOPLIST_FILE = "彩票UITests/Info.plist";
				LD_RUNPATH_SEARCH_PATHS = "$(inherited) @executable_path/Frameworks @loader_path/Frameworks";
				PRODUCT_BUNDLE_IDENTIFIER = "com.JW.--UITests";
				PRODUCT_NAME = "$(TARGET_NAME)";
				TEST_TARGET_NAME = "彩票";
				USES_XCTRUNNER = YES;
			};
			name = Release;
		};
/* End XCBuildConfiguration section */

/* Begin XCConfigurationList section */
		CB13F8121C0D48AD007C137F /* Build configuration list for PBXProject "彩票" */ = {
			isa = XCConfigurationList;
			buildConfigurations = (
				CB13F8421C0D48AD007C137F /* Debug */,
				CB13F8431C0D48AD007C137F /* Release */,
			);
			defaultConfigurationIsVisible = 0;
			defaultConfigurationName = Release;
		};
		CB13F8441C0D48AD007C137F /* Build configuration list for PBXNativeTarget "彩票" */ = {
			isa = XCConfigurationList;
			buildConfigurations = (
				CB13F8451C0D48AD007C137F /* Debug */,
				CB13F8461C0D48AD007C137F /* Release */,
			);
			defaultConfigurationIsVisible = 0;
			defaultConfigurationName = Release;
		};
		CB13F8471C0D48AD007C137F /* Build configuration list for PBXNativeTarget "彩票Tests" */ = {
			isa = XCConfigurationList;
			buildConfigurations = (
				CB13F8481C0D48AD007C137F /* Debug */,
				CB13F8491C0D48AD007C137F /* Release */,
			);
			defaultConfigurationIsVisible = 0;
			defaultConfigurationName = Release;
		};
		CB13F84A1C0D48AD007C137F /* Build configuration list for PBXNativeTarget "彩票UITests" */ = {
			isa = XCConfigurationList;
			buildConfigurations = (
				CB13F84B1C0D48AD007C137F /* Debug */,
				CB13F84C1C0D48AD007C137F /* Release */,
			);
			defaultConfigurationIsVisible = 0;
			defaultConfigurationName = Release;
		};
/* End XCConfigurationList section */
	};
	rootObject = CB13F80F1C0D48AD007C137F /* Project object */;
}
